{
  "nodes": {
    "nixpkgs": {
      "locked": {
        "lastModified": 1785090369,
        "narHash": "sha256-m0pDuRJG7EDo9ri+4Ksu83VsI+PlxNC9lNBfydejce4=",
        "owner": "NixOS",
        "repo": "nixpkgs",
        "rev": "624af665418d3c65d544145b4d34ad696439570e",
        "type": "github"
      },
      "original": {
        "owner": "NixOS",
        "repo": "nixpkgs",
        "rev": "624af665418d3c65d544145b4d34ad696439570e",
        "type": "github"
      }
    },
    "poster": {
      "flake": false,
      "locked": {
        "narHash": "sha256-TpCaymW7roB7EyId64RCfxB1qjmpqlwfPy9BFoGGXW8=",
        "type": "file",
        "url": "https://code.rictic.com/api/packages/agent-1/generic/lit-html-explainer/f785f5347917619410dee933436422fe/poster.jpg"
      },
      "original": {
        "type": "file",
        "url": "https://code.rictic.com/api/packages/agent-1/generic/lit-html-explainer/f785f5347917619410dee933436422fe/poster.jpg"
      }
    },
    "root": {
      "inputs": {
        "nixpkgs": "nixpkgs",
        "poster": "poster",
        "soundtrack": "soundtrack",
        "video": "video"
      }
    },
    "soundtrack": {
      "flake": false,
      "locked": {
        "narHash": "sha256-0Z1sE+lv61P3K48i6Dmv5mvB4kdh0SHPRtGqrsdkz5Q=",
        "type": "file",
        "url": "https://code.rictic.com/api/packages/agent-1/generic/lit-html-explainer/05de91ef24297dda3a04576de7f52999/soundtrack.flac"
      },
      "original": {
        "type": "file",
        "url": "https://code.rictic.com/api/packages/agent-1/generic/lit-html-explainer/05de91ef24297dda3a04576de7f52999/soundtrack.flac"
      }
    },
    "video": {
      "flake": false,
      "locked": {
        "narHash": "sha256-f/1ZTL8b1jpvPhr2E7IdD02wQfDUQ5j68juQ2sdADHE=",
        "type": "file",
        "url": "https://code.rictic.com/api/packages/agent-1/generic/lit-html-explainer/4b644ab8b5864d3e060ba7b0546379ed/lit-html-renders.mp4"
      },
      "original": {
        "type": "file",
        "url": "https://code.rictic.com/api/packages/agent-1/generic/lit-html-explainer/4b644ab8b5864d3e060ba7b0546379ed/lit-html-renders.mp4"
      }
    }
  },
  "root": "root",
  "version": 7
}
