{
  "nodes": {
    "nixpkgs": {
      "locked": {
        "lastModified": 1785090369,
        "narHash": "sha256-m0pDuRJG7EDo9ri+4Ksu83VsI+PlxNC9lNBfydejce4=",
        "owner": "NixOS",
        "repo": "nixpkgs",
        "rev": "624af665418d3c65d544145b4d34ad696439570e",
        "type": "github"
      },
      "original": {
        "owner": "NixOS",
        "repo": "nixpkgs",
        "rev": "624af665418d3c65d544145b4d34ad696439570e",
        "type": "github"
      }
    },
    "poster": {
      "flake": false,
      "locked": {
        "narHash": "sha256-TpCaymW7roB7EyId64RCfxB1qjmpqlwfPy9BFoGGXW8=",
        "type": "file",
        "url": "https://code.rictic.com/api/packages/agent-1/generic/lit-html-explainer/f785f5347917619410dee933436422fe/poster.jpg"
      },
      "original": {
        "type": "file",
        "url": "https://code.rictic.com/api/packages/agent-1/generic/lit-html-explainer/f785f5347917619410dee933436422fe/poster.jpg"
      }
    },
    "root": {
      "inputs": {
        "nixpkgs": "nixpkgs",
        "poster": "poster",
        "soundtrack": "soundtrack",
        "video": "video"
      }
    },
    "soundtrack": {
      "flake": false,
      "locked": {
        "narHash": "sha256-+3e8QJyOO/+f+KBM7n2VXE7C8gr55VU+byUN2MDa9Mc=",
        "type": "file",
        "url": "https://code.rictic.com/api/packages/agent-1/generic/lit-html-explainer/94b925e76c39821e70b52142cd0a43e1/soundtrack.flac"
      },
      "original": {
        "type": "file",
        "url": "https://code.rictic.com/api/packages/agent-1/generic/lit-html-explainer/94b925e76c39821e70b52142cd0a43e1/soundtrack.flac"
      }
    },
    "video": {
      "flake": false,
      "locked": {
        "narHash": "sha256-VDAaRZil7Asjjy5MhOdXalZ7qchB943ruBlKWWKRtn8=",
        "type": "file",
        "url": "https://code.rictic.com/api/packages/agent-1/generic/lit-html-explainer/a2f4aacb74f02ff594fee0bf2a714f12/lit-html-renders.mp4"
      },
      "original": {
        "type": "file",
        "url": "https://code.rictic.com/api/packages/agent-1/generic/lit-html-explainer/a2f4aacb74f02ff594fee0bf2a714f12/lit-html-renders.mp4"
      }
    }
  },
  "root": "root",
  "version": 7
}
